{
  "name": "eap-express-demo",
  "version": "1.0.0",
  "lockfileVersion": 3,
  "requires": true,
  "packages": {
    "": {
      "name": "eap-express-demo",
      "version": "1.0.0",
      "dependencies": {
        "@arcops/eap": "^1.0.0"
      }
    },
    "node_modules/@arcops/eap": {
      "version": "1.0.0",
      "resolved": "https://registry.npmjs.org/@arcops/eap/-/eap-1.0.0.tgz",
      "integrity": "sha512-srcssaIkbkQyWb8F7Iv9xGmh1EXs9hk6RS3evqQW2TQnaWot9f9QHgqQqApdwdD28CUJLF4z0sQ6lOZV4eF0aw==",
      "license": "MIT"
    }
  }
}
